
Microsoft Visual Studio Solution File, Format Version 12.00
# Visual Studio Version 17
VisualStudioVersion = 17.9.34616.47
MinimumVisualStudioVersion = 10.0.40219.1
Project("{FAE04EC0-301F-11D3-BF4B-00C04F79EFBC}") = "BufeGO_Frontend_Teszt", "BufeGO_Frontend_Teszt.csproj", "{29A8EA86-8C9D-477E-980B-90782FEB7977}"
EndProject
Global
	GlobalSection(SolutionConfigurationPlatforms) = preSolution
		Debug|Any CPU = Debug|Any CPU
		Release|Any CPU = Release|Any CPU
	EndGlobalSection
	GlobalSection(ProjectConfigurationPlatforms) = postSolution
		{29A8EA86-8C9D-477E-980B-90782FEB7977}.Debug|Any CPU.ActiveCfg = Debug|Any CPU
		{29A8EA86-8C9D-477E-980B-90782FEB7977}.Debug|Any CPU.Build.0 = Debug|Any CPU
		{29A8EA86-8C9D-477E-980B-90782FEB7977}.Release|Any CPU.ActiveCfg = Release|Any CPU
		{29A8EA86-8C9D-477E-980B-90782FEB7977}.Release|Any CPU.Build.0 = Release|Any CPU
	EndGlobalSection
	GlobalSection(SolutionProperties) = preSolution
		HideSolutionNode = FALSE
	EndGlobalSection
	GlobalSection(ExtensibilityGlobals) = postSolution
		SolutionGuid = {A52974A4-1C14-4768-A0E5-F7506A7C64A3}
	EndGlobalSection
EndGlobal
